
Microsoft Visual Studio Solution File, Format Version 12.00
# Visual Studio Version 17
VisualStudioVersion = 17.4.33205.214
MinimumVisualStudioVersion = 10.0.40219.1
Project("{FAE04EC0-301F-11D3-BF4B-00C04F79EFBC}") = "Ejercicio1Desafio3", "Ejercicio1Desafio3\Ejercicio1Desafio3.csproj", "{85CB005D-F083-4AE8-B8EB-21263FF2E16A}"
EndProject
Global
	GlobalSection(SolutionConfigurationPlatforms) = preSolution
		Debug|Any CPU = Debug|Any CPU
		Release|Any CPU = Release|Any CPU
	EndGlobalSection
	GlobalSection(ProjectConfigurationPlatforms) = postSolution
		{85CB005D-F083-4AE8-B8EB-21263FF2E16A}.Debug|Any CPU.ActiveCfg = Debug|Any CPU
		{85CB005D-F083-4AE8-B8EB-21263FF2E16A}.Debug|Any CPU.Build.0 = Debug|Any CPU
		{85CB005D-F083-4AE8-B8EB-21263FF2E16A}.Release|Any CPU.ActiveCfg = Release|Any CPU
		{85CB005D-F083-4AE8-B8EB-21263FF2E16A}.Release|Any CPU.Build.0 = Release|Any CPU
	EndGlobalSection
	GlobalSection(SolutionProperties) = preSolution
		HideSolutionNode = FALSE
	EndGlobalSection
	GlobalSection(ExtensibilityGlobals) = postSolution
		SolutionGuid = {E770D037-8DE3-42DF-849A-949DD6F55C16}
	EndGlobalSection
EndGlobal
